
Microsoft Visual Studio Solution File, Format Version 12.00
# Visual Studio 14
VisualStudioVersion = 14.0.24720.0
MinimumVisualStudioVersion = 10.0.40219.1
Project("{FAE04EC0-301F-11D3-BF4B-00C04F79EFBC}") = "SteamUI", "SteamUI\SteamUI.csproj", "{77C469A8-1C13-487D-8547-54C5D9F35E6C}"
EndProject
Project("{FAE04EC0-301F-11D3-BF4B-00C04F79EFBC}") = "RecommenderSystemCore", "RecommenderSystemCore\RecommenderSystemCore.csproj", "{44977C3E-D6DF-4904-81AB-A914CDFFB914}"
EndProject
Project("{FAE04EC0-301F-11D3-BF4B-00C04F79EFBC}") = "Filter System", "Filter System\Filter System.csproj", "{77568C8D-01C6-4158-B685-4197C6918B55}"
EndProject
Project("{FAE04EC0-301F-11D3-BF4B-00C04F79EFBC}") = "SteamUnitTesting", "SteamUnitTesting\SteamUnitTesting.csproj", "{38908592-C8DC-4E4A-B5FE-B736A20A26E9}"
EndProject
Project("{FAE04EC0-301F-11D3-BF4B-00C04F79EFBC}") = "GameRank", "GameRank\GameRank.csproj", "{8AE4F059-243C-43D0-8469-37179E68C8C7}"
EndProject
Project("{FAE04EC0-301F-11D3-BF4B-00C04F79EFBC}") = "Database", "..\..\SteamSharp\Database\Database.csproj", "{D75D116F-B418-4D10-A8D7-C722E3521580}"
EndProject
Project("{FAE04EC0-301F-11D3-BF4B-00C04F79EFBC}") = "SteamSharp", "..\..\SteamSharp\SteamSharp\SteamSharp.csproj", "{36DF0E1A-EA75-4B5B-B2C1-FB2C8838D0D6}"
EndProject
Global
	GlobalSection(SolutionConfigurationPlatforms) = preSolution
		Debug|Any CPU = Debug|Any CPU
		Release|Any CPU = Release|Any CPU
	EndGlobalSection
	GlobalSection(ProjectConfigurationPlatforms) = postSolution
		{77C469A8-1C13-487D-8547-54C5D9F35E6C}.Debug|Any CPU.ActiveCfg = Debug|Any CPU
		{77C469A8-1C13-487D-8547-54C5D9F35E6C}.Debug|Any CPU.Build.0 = Debug|Any CPU
		{77C469A8-1C13-487D-8547-54C5D9F35E6C}.Release|Any CPU.ActiveCfg = Release|Any CPU
		{77C469A8-1C13-487D-8547-54C5D9F35E6C}.Release|Any CPU.Build.0 = Release|Any CPU
		{44977C3E-D6DF-4904-81AB-A914CDFFB914}.Debug|Any CPU.ActiveCfg = Debug|Any CPU
		{44977C3E-D6DF-4904-81AB-A914CDFFB914}.Debug|Any CPU.Build.0 = Debug|Any CPU
		{44977C3E-D6DF-4904-81AB-A914CDFFB914}.Release|Any CPU.ActiveCfg = Release|Any CPU
		{44977C3E-D6DF-4904-81AB-A914CDFFB914}.Release|Any CPU.Build.0 = Release|Any CPU
		{77568C8D-01C6-4158-B685-4197C6918B55}.Debug|Any CPU.ActiveCfg = Debug|Any CPU
		{77568C8D-01C6-4158-B685-4197C6918B55}.Debug|Any CPU.Build.0 = Debug|Any CPU
		{77568C8D-01C6-4158-B685-4197C6918B55}.Release|Any CPU.ActiveCfg = Release|Any CPU
		{77568C8D-01C6-4158-B685-4197C6918B55}.Release|Any CPU.Build.0 = Release|Any CPU
		{38908592-C8DC-4E4A-B5FE-B736A20A26E9}.Debug|Any CPU.ActiveCfg = Debug|Any CPU
		{38908592-C8DC-4E4A-B5FE-B736A20A26E9}.Debug|Any CPU.Build.0 = Debug|Any CPU
		{38908592-C8DC-4E4A-B5FE-B736A20A26E9}.Release|Any CPU.ActiveCfg = Release|Any CPU
		{38908592-C8DC-4E4A-B5FE-B736A20A26E9}.Release|Any CPU.Build.0 = Release|Any CPU
		{8AE4F059-243C-43D0-8469-37179E68C8C7}.Debug|Any CPU.ActiveCfg = Debug|Any CPU
		{8AE4F059-243C-43D0-8469-37179E68C8C7}.Debug|Any CPU.Build.0 = Debug|Any CPU
		{8AE4F059-243C-43D0-8469-37179E68C8C7}.Release|Any CPU.ActiveCfg = Release|Any CPU
		{8AE4F059-243C-43D0-8469-37179E68C8C7}.Release|Any CPU.Build.0 = Release|Any CPU
		{D75D116F-B418-4D10-A8D7-C722E3521580}.Debug|Any CPU.ActiveCfg = Debug|Any CPU
		{D75D116F-B418-4D10-A8D7-C722E3521580}.Debug|Any CPU.Build.0 = Debug|Any CPU
		{D75D116F-B418-4D10-A8D7-C722E3521580}.Release|Any CPU.ActiveCfg = Release|Any CPU
		{D75D116F-B418-4D10-A8D7-C722E3521580}.Release|Any CPU.Build.0 = Release|Any CPU
		{36DF0E1A-EA75-4B5B-B2C1-FB2C8838D0D6}.Debug|Any CPU.ActiveCfg = Debug|Any CPU
		{36DF0E1A-EA75-4B5B-B2C1-FB2C8838D0D6}.Debug|Any CPU.Build.0 = Debug|Any CPU
		{36DF0E1A-EA75-4B5B-B2C1-FB2C8838D0D6}.Release|Any CPU.ActiveCfg = Release|Any CPU
		{36DF0E1A-EA75-4B5B-B2C1-FB2C8838D0D6}.Release|Any CPU.Build.0 = Release|Any CPU
	EndGlobalSection
	GlobalSection(SolutionProperties) = preSolution
		HideSolutionNode = FALSE
	EndGlobalSection
EndGlobal
