
Microsoft Visual Studio Solution File, Format Version 12.00
# Visual Studio 14
VisualStudioVersion = 14.0.25123.0
MinimumVisualStudioVersion = 10.0.40219.1
Project("{FAE04EC0-301F-11D3-BF4B-00C04F79EFBC}") = "SteamSharp", "SteamSharp\SteamSharp.csproj", "{36DF0E1A-EA75-4B5B-B2C1-FB2C8838D0D6}"
EndProject
Project("{FAE04EC0-301F-11D3-BF4B-00C04F79EFBC}") = "Database", "Database\Database.csproj", "{D75D116F-B418-4D10-A8D7-C722E3521580}"
EndProject
Project("{FAE04EC0-301F-11D3-BF4B-00C04F79EFBC}") = "LoadDatabse", "LoadDatabse\LoadDatabse.csproj", "{488864BA-7C0D-4524-9924-187377A0CFEC}"
	ProjectSection(ProjectDependencies) = postProject
		{36DF0E1A-EA75-4B5B-B2C1-FB2C8838D0D6} = {36DF0E1A-EA75-4B5B-B2C1-FB2C8838D0D6}
		{D75D116F-B418-4D10-A8D7-C722E3521580} = {D75D116F-B418-4D10-A8D7-C722E3521580}
	EndProjectSection
EndProject
Global
	GlobalSection(SolutionConfigurationPlatforms) = preSolution
		Debug|Any CPU = Debug|Any CPU
		Release|Any CPU = Release|Any CPU
	EndGlobalSection
	GlobalSection(ProjectConfigurationPlatforms) = postSolution
		{36DF0E1A-EA75-4B5B-B2C1-FB2C8838D0D6}.Debug|Any CPU.ActiveCfg = Debug|Any CPU
		{36DF0E1A-EA75-4B5B-B2C1-FB2C8838D0D6}.Debug|Any CPU.Build.0 = Debug|Any CPU
		{36DF0E1A-EA75-4B5B-B2C1-FB2C8838D0D6}.Release|Any CPU.ActiveCfg = Release|Any CPU
		{36DF0E1A-EA75-4B5B-B2C1-FB2C8838D0D6}.Release|Any CPU.Build.0 = Release|Any CPU
		{D75D116F-B418-4D10-A8D7-C722E3521580}.Debug|Any CPU.ActiveCfg = Debug|Any CPU
		{D75D116F-B418-4D10-A8D7-C722E3521580}.Debug|Any CPU.Build.0 = Debug|Any CPU
		{D75D116F-B418-4D10-A8D7-C722E3521580}.Release|Any CPU.ActiveCfg = Release|Any CPU
		{D75D116F-B418-4D10-A8D7-C722E3521580}.Release|Any CPU.Build.0 = Release|Any CPU
		{488864BA-7C0D-4524-9924-187377A0CFEC}.Debug|Any CPU.ActiveCfg = Debug|Any CPU
		{488864BA-7C0D-4524-9924-187377A0CFEC}.Debug|Any CPU.Build.0 = Debug|Any CPU
		{488864BA-7C0D-4524-9924-187377A0CFEC}.Release|Any CPU.ActiveCfg = Release|Any CPU
		{488864BA-7C0D-4524-9924-187377A0CFEC}.Release|Any CPU.Build.0 = Release|Any CPU
	EndGlobalSection
	GlobalSection(SolutionProperties) = preSolution
		HideSolutionNode = FALSE
	EndGlobalSection
EndGlobal
